PODS:
  - Flutter (1.0.0)
  - flutter_share_go (0.0.1):
    - Flutter

DEPENDENCIES:
  - Flutter (from `Flutter`)
  - flutter_share_go (from `.symlinks/plugins/flutter_share_go/ios`)

EXTERNAL SOURCES:
  Flutter:
    :path: Flutter
  flutter_share_go:
    :path: ".symlinks/plugins/flutter_share_go/ios"

SPEC CHECKSUMS:
  Flutter: 0e3d915762c693b495b44d77113d4970485de6ec
  flutter_share_go: 77308421a9aedc4ab29957eb38fb82680a1be223

PODFILE CHECKSUM: c34e2287a9ccaa606aeceab922830efb9a6ff69a

COCOAPODS: 1.8.4
